// !$*UTF8*$!
{
	archiveVersion = 1;
	classes = {
	};
	objectVersion = 50;
	objects = {

/* Begin PBXBuildFile section */
		851A7EDE2408C78F00042701 /* ConvertedTextView.storyboard in Resources */ = {isa = PBXBuildFile; fileRef = 851A7EDD2408C78F00042701 /* ConvertedTextView.storyboard */; };
		859754FE2407ADFC003356DF /* AppDelegate.swift in Sources */ = {isa = PBXBuildFile; fileRef = 859754FD2407ADFC003356DF /* AppDelegate.swift */; };
		859755002407ADFC003356DF /* SceneDelegate.swift in Sources */ = {isa = PBXBuildFile; fileRef = 859754FF2407ADFC003356DF /* SceneDelegate.swift */; };
		859755022407ADFC003356DF /* ViewController.swift in Sources */ = {isa = PBXBuildFile; fileRef = 859755012407ADFC003356DF /* ViewController.swift */; };
		859755052407ADFC003356DF /* Main.storyboard in Resources */ = {isa = PBXBuildFile; fileRef = 859755032407ADFC003356DF /* Main.storyboard */; };
		859755072407AE00003356DF /* Assets.xcassets in Resources */ = {isa = PBXBuildFile; fileRef = 859755062407AE00003356DF /* Assets.xcassets */; };
		8597550A2407AE00003356DF /* LaunchScreen.storyboard in Resources */ = {isa = PBXBuildFile; fileRef = 859755082407AE00003356DF /* LaunchScreen.storyboard */; };
/* End PBXBuildFile section */

/* Begin PBXFileReference section */
		851A7EDD2408C78F00042701 /* ConvertedTextView.storyboard */ = {isa = PBXFileReference; lastKnownFileType = file.storyboard; path = ConvertedTextView.storyboard; sourceTree = "<group>"; };
		859754FA2407ADFC003356DF /* kadai_kanjiToHiragana_app.app */ = {isa = PBXFileReference; explicitFileType = wrapper.application; includeInIndex = 0; path = kadai_kanjiToHiragana_app.app; sourceTree = BUILT_PRODUCTS_DIR; };
		859754FD2407ADFC003356DF /* AppDelegate.swift */ = {isa = PBXFileReference; lastKnownFileType = sourcecode.swift; path = AppDelegate.swift; sourceTree = "<group>"; };
		859754FF2407ADFC003356DF /* SceneDelegate.swift */ = {isa = PBXFileReference; lastKnownFileType = sourcecode.swift; path = SceneDelegate.swift; sourceTree = "<group>"; };
		859755012407ADFC003356DF /* ViewController.swift */ = {isa = PBXFileReference; lastKnownFileType = sourcecode.swift; path = ViewController.swift; sourceTree = "<group>"; };
		859755042407ADFC003356DF /* Base */ = {isa = PBXFileReference; lastKnownFileType = file.storyboard; name = Base; path = Base.lproj/Main.storyboard; sourceTree = "<group>"; };
		859755062407AE00003356DF /* Assets.xcassets */ = {isa = PBXFileReference; lastKnownFileType = folder.assetcatalog; path = Assets.xcassets; sourceTree = "<group>"; };
		859755092407AE00003356DF /* Base */ = {isa = PBXFileReference; lastKnownFileType = file.storyboard; name = Base; path = Base.lproj/LaunchScreen.storyboard; sourceTree = "<group>"; };
		8597550B2407AE00003356DF /* Info.plist */ = {isa = PBXFileReference; lastKnownFileType = text.plist.xml; path = Info.plist; sourceTree = "<group>"; };
/* End PBXFileReference section */

/* Begin PBXFrameworksBuildPhase section */
		859754F72407ADFC003356DF /* Frameworks */ = {
			isa = PBXFrameworksBuildPhase;
			buildActionMask = 2147483647;
			files = (
			);
			runOnlyForDeploymentPostprocessing = 0;
		};
/* End PBXFrameworksBuildPhase section */

/* Begin PBXGroup section */
		859754F12407ADFC003356DF = {
			isa = PBXGroup;
			children = (
				859754FC2407ADFC003356DF /* kadai_kanjiToHiragana_app */,
				859754FB2407ADFC003356DF /* Products */,
			);
			sourceTree = "<group>";
		};
		859754FB2407ADFC003356DF /* Products */ = {
			isa = PBXGroup;
			children = (
				859754FA2407ADFC003356DF /* kadai_kanjiToHiragana_app.app */,
			);
			name = Products;
			sourceTree = "<group>";
		};
		859754FC2407ADFC003356DF /* kadai_kanjiToHiragana_app */ = {
			isa = PBXGroup;
			children = (
				859754FD2407ADFC003356DF /* AppDelegate.swift */,
				859754FF2407ADFC003356DF /* SceneDelegate.swift */,
				859755012407ADFC003356DF /* ViewController.swift */,
				859755032407ADFC003356DF /* Main.storyboard */,
				859755062407AE00003356DF /* Assets.xcassets */,
				859755082407AE00003356DF /* LaunchScreen.storyboard */,
				8597550B2407AE00003356DF /* Info.plist */,
				851A7EDD2408C78F00042701 /* ConvertedTextView.storyboard */,
			);
			path = kadai_kanjiToHiragana_app;
			sourceTree = "<group>";
		};
/* End PBXGroup section */

/* Begin PBXNativeTarget section */
		859754F92407ADFC003356DF /* kadai_kanjiToHiragana_app */ = {
			isa = PBXNativeTarget;
			buildConfigurationList = 8597550E2407AE00003356DF /* Build configuration list for PBXNativeTarget "kadai_kanjiToHiragana_app" */;
			buildPhases = (
				859754F62407ADFC003356DF /* Sources */,
				859754F72407ADFC003356DF /* Frameworks */,
				859754F82407ADFC003356DF /* Resources */,
			);
			buildRules = (
			);
			dependencies = (
			);
			name = kadai_kanjiToHiragana_app;
			productName = kadai_kanjiToHiragana_app;
			productReference = 859754FA2407ADFC003356DF /* kadai_kanjiToHiragana_app.app */;
			productType = "com.apple.product-type.application";
		};
/* End PBXNativeTarget section */

/* Begin PBXProject section */
		859754F22407ADFC003356DF /* Project object */ = {
			isa = PBXProject;
			attributes = {
				LastSwiftUpdateCheck = 1130;
				LastUpgradeCheck = 1130;
				ORGANIZATIONNAME = "渡辺崇博";
				TargetAttributes = {
					859754F92407ADFC003356DF = {
						CreatedOnToolsVersion = 11.3;
					};
				};
			};
			buildConfigurationList = 859754F52407ADFC003356DF /* Build configuration list for PBXProject "kadai_kanjiToHiragana_app" */;
			compatibilityVersion = "Xcode 9.3";
			developmentRegion = en;
			hasScannedForEncodings = 0;
			knownRegions = (
				en,
				Base,
			);
			mainGroup = 859754F12407ADFC003356DF;
			productRefGroup = 859754FB2407ADFC003356DF /* Products */;
			projectDirPath = "";
			projectRoot = "";
			targets = (
				859754F92407ADFC003356DF /* kadai_kanjiToHiragana_app */,
			);
		};
/* End PBXProject section */

/* Begin PBXResourcesBuildPhase section */
		859754F82407ADFC003356DF /* Resources */ = {
			isa = PBXResourcesBuildPhase;
			buildActionMask = 2147483647;
			files = (
				8597550A2407AE00003356DF /* LaunchScreen.storyboard in Resources */,
				851A7EDE2408C78F00042701 /* ConvertedTextView.storyboard in Resources */,
				859755072407AE00003356DF /* Assets.xcassets in Resources */,
				859755052407ADFC003356DF /* Main.storyboard in Resources */,
			);
			runOnlyForDeploymentPostprocessing = 0;
		};
/* End PBXResourcesBuildPhase section */

/* Begin PBXSourcesBuildPhase section */
		859754F62407ADFC003356DF /* Sources */ = {
			isa = PBXSourcesBuildPhase;
			buildActionMask = 2147483647;
			files = (
				859755022407ADFC003356DF /* ViewController.swift in Sources */,
				859754FE2407ADFC003356DF /* AppDelegate.swift in Sources */,
				859755002407ADFC003356DF /* SceneDelegate.swift in Sources */,
			);
			runOnlyForDeploymentPostprocessing = 0;
		};
/* End PBXSourcesBuildPhase section */

/* Begin PBXVariantGroup section */
		859755032407ADFC003356DF /* Main.storyboard */ = {
			isa = PBXVariantGroup;
			children = (
				859755042407ADFC003356DF /* Base */,
			);
			name = Main.storyboard;
			sourceTree = "<group>";
		};
		859755082407AE00003356DF /* LaunchScreen.storyboard */ = {
			isa = PBXVariantGroup;
			children = (
				859755092407AE00003356DF /* Base */,
			);
			name = LaunchScreen.storyboard;
			sourceTree = "<group>";
		};
/* End PBXVariantGroup section */

/* Begin XCBuildConfiguration section */
		8597550C2407AE00003356DF /* Debug */ = {
			isa = XCBuildConfiguration;
			buildSettings = {
				ALWAYS_SEARCH_USER_PATHS = NO;
				CLANG_ANALYZER_NONNULL = YES;
				CLANG_ANALYZER_NUMBER_OBJECT_CONVERSION = YES_AGGRESSIVE;
				CLANG_CXX_LANGUAGE_STANDARD = "gnu++14";
				CLANG_CXX_LIBRARY = "libc++";
				CLANG_ENABLE_MODULES = YES;
				CLANG_ENABLE_OBJC_ARC = YES;
				CLANG_ENABLE_OBJC_WEAK = YES;
				CLANG_WARN_BLOCK_CAPTURE_AUTORELEASING = YES;
				CLANG_WARN_BOOL_CONVERSION = YES;
				CLANG_WARN_COMMA = YES;
				CLANG_WARN_CONSTANT_CONVERSION = YES;
				CLANG_WARN_DEPRECATED_OBJC_IMPLEMENTATIONS = YES;
				CLANG_WARN_DIRECT_OBJC_ISA_USAGE = YES_ERROR;
				CLANG_WARN_DOCUMENTATION_COMMENTS = YES;
				CLANG_WARN_EMPTY_BODY = YES;
				CLANG_WARN_ENUM_CONVERSION = YES;
				CLANG_WARN_INFINITE_RECURSION = YES;
				CLANG_WARN_INT_CONVERSION = YES;
				CLANG_WARN_NON_LITERAL_NULL_CONVERSION = YES;
				CLANG_WARN_OBJC_IMPLICIT_RETAIN_SELF = YES;
				CLANG_WARN_OBJC_LITERAL_CONVERSION = YES;
				CLANG_WARN_OBJC_ROOT_CLASS = YES_ERROR;
				CLANG_WARN_RANGE_LOOP_ANALYSIS = YES;
				CLANG_WARN_STRICT_PROTOTYPES = YES;
				CLANG_WARN_SUSPICIOUS_MOVE = YES;
				CLANG_WARN_UNGUARDED_AVAILABILITY = YES_AGGRESSIVE;
				CLANG_WARN_UNREACHABLE_CODE = YES;
				CLANG_WARN__DUPLICATE_METHOD_MATCH = YES;
				COPY_PHASE_STRIP = NO;
				DEBUG_INFORMATION_FORMAT = dwarf;
				ENABLE_STRICT_OBJC_MSGSEND = YES;
				ENABLE_TESTABILITY = YES;
				GCC_C_LANGUAGE_STANDARD = gnu11;
				GCC_DYNAMIC_NO_PIC = NO;
				GCC_NO_COMMON_BLOCKS = YES;
				GCC_OPTIMIZATION_LEVEL = 0;
				GCC_PREPROCESSOR_DEFINITIONS = (
					"DEBUG=1",
					"$(inherited)",
				);
				GCC_WARN_64_TO_32_BIT_CONVERSION = YES;
				GCC_WARN_ABOUT_RETURN_TYPE = YES_ERROR;
				GCC_WARN_UNDECLARED_SELECTOR = YES;
				GCC_WARN_UNINITIALIZED_AUTOS = YES_AGGRESSIVE;
				GCC_WARN_UNUSED_FUNCTION = YES;
				GCC_WARN_UNUSED_VARIABLE = YES;
				IPHONEOS_DEPLOYMENT_TARGET = 13.2;
				MTL_ENABLE_DEBUG_INFO = INCLUDE_SOURCE;
				MTL_FAST_MATH = YES;
				ONLY_ACTIVE_ARCH = YES;
				SDKROOT = iphoneos;
				SWIFT_ACTIVE_COMPILATION_CONDITIONS = DEBUG;
				SWIFT_OPTIMIZATION_LEVEL = "-Onone";
			};
			name = Debug;
		};
		8597550D2407AE00003356DF /* Release */ = {
			isa = XCBuildConfiguration;
			buildSettings = {
				ALWAYS_SEARCH_USER_PATHS = NO;
				CLANG_ANALYZER_NONNULL = YES;
				CLANG_ANALYZER_NUMBER_OBJECT_CONVERSION = YES_AGGRESSIVE;
				CLANG_CXX_LANGUAGE_STANDARD = "gnu++14";
				CLANG_CXX_LIBRARY = "libc++";
				CLANG_ENABLE_MODULES = YES;
				CLANG_ENABLE_OBJC_ARC = YES;
				CLANG_ENABLE_OBJC_WEAK = YES;
				CLANG_WARN_BLOCK_CAPTURE_AUTORELEASING = YES;
				CLANG_WARN_BOOL_CONVERSION = YES;
				CLANG_WARN_COMMA = YES;
				CLANG_WARN_CONSTANT_CONVERSION = YES;
				CLANG_WARN_DEPRECATED_OBJC_IMPLEMENTATIONS = YES;
				CLANG_WARN_DIRECT_OBJC_ISA_USAGE = YES_ERROR;
				CLANG_WARN_DOCUMENTATION_COMMENTS = YES;
				CLANG_WARN_EMPTY_BODY = YES;
				CLANG_WARN_ENUM_CONVERSION = YES;
				CLANG_WARN_INFINITE_RECURSION = YES;
				CLANG_WARN_INT_CONVERSION = YES;
				CLANG_WARN_NON_LITERAL_NULL_CONVERSION = YES;
				CLANG_WARN_OBJC_IMPLICIT_RETAIN_SELF = YES;
				CLANG_WARN_OBJC_LITERAL_CONVERSION = YES;
				CLANG_WARN_OBJC_ROOT_CLASS = YES_ERROR;
				CLANG_WARN_RANGE_LOOP_ANALYSIS = YES;
				CLANG_WARN_STRICT_PROTOTYPES = YES;
				CLANG_WARN_SUSPICIOUS_MOVE = YES;
				CLANG_WARN_UNGUARDED_AVAILABILITY = YES_AGGRESSIVE;
				CLANG_WARN_UNREACHABLE_CODE = YES;
				CLANG_WARN__DUPLICATE_METHOD_MATCH = YES;
				COPY_PHASE_STRIP = NO;
				DEBUG_INFORMATION_FORMAT = "dwarf-with-dsym";
				ENABLE_NS_ASSERTIONS = NO;
				ENABLE_STRICT_OBJC_MSGSEND = YES;
				GCC_C_LANGUAGE_STANDARD = gnu11;
				GCC_NO_COMMON_BLOCKS = YES;
				GCC_WARN_64_TO_32_BIT_CONVERSION = YES;
				GCC_WARN_ABOUT_RETURN_TYPE = YES_ERROR;
				GCC_WARN_UNDECLARED_SELECTOR = YES;
				GCC_WARN_UNINITIALIZED_AUTOS = YES_AGGRESSIVE;
				GCC_WARN_UNUSED_FUNCTION = YES;
				GCC_WARN_UNUSED_VARIABLE = YES;
				IPHONEOS_DEPLOYMENT_TARGET = 13.2;
				MTL_ENABLE_DEBUG_INFO = NO;
				MTL_FAST_MATH = YES;
				SDKROOT = iphoneos;
				SWIFT_COMPILATION_MODE = wholemodule;
				SWIFT_OPTIMIZATION_LEVEL = "-O";
				VALIDATE_PRODUCT = YES;
			};
			name = Release;
		};
		8597550F2407AE00003356DF /* Debug */ = {
			isa = XCBuildConfiguration;
			buildSettings = {
				ASSETCATALOG_COMPILER_APPICON_NAME = AppIcon;
				CODE_SIGN_STYLE = Automatic;
				DEVELOPMENT_TEAM = 9S7V7XCN6Y;
				INFOPLIST_FILE = kadai_kanjiToHiragana_app/Info.plist;
				LD_RUNPATH_SEARCH_PATHS = (
					"$(inherited)",
					"@executable_path/Frameworks",
				);
				PRODUCT_BUNDLE_IDENTIFIER = "kadai-app.kadai-kanjiToHiragana-app";
				PRODUCT_NAME = "$(TARGET_NAME)";
				SWIFT_VERSION = 5.0;
				TARGETED_DEVICE_FAMILY = 1;
			};
			name = Debug;
		};
		859755102407AE00003356DF /* Release */ = {
			isa = XCBuildConfiguration;
			buildSettings = {
				ASSETCATALOG_COMPILER_APPICON_NAME = AppIcon;
				CODE_SIGN_STYLE = Automatic;
				DEVELOPMENT_TEAM = 9S7V7XCN6Y;
				INFOPLIST_FILE = kadai_kanjiToHiragana_app/Info.plist;
				LD_RUNPATH_SEARCH_PATHS = (
					"$(inherited)",
					"@executable_path/Frameworks",
				);
				PRODUCT_BUNDLE_IDENTIFIER = "kadai-app.kadai-kanjiToHiragana-app";
				PRODUCT_NAME = "$(TARGET_NAME)";
				SWIFT_VERSION = 5.0;
				TARGETED_DEVICE_FAMILY = 1;
			};
			name = Release;
		};
/* End XCBuildConfiguration section */

/* Begin XCConfigurationList section */
		859754F52407ADFC003356DF /* Build configuration list for PBXProject "kadai_kanjiToHiragana_app" */ = {
			isa = XCConfigurationList;
			buildConfigurations = (
				8597550C2407AE00003356DF /* Debug */,
				8597550D2407AE00003356DF /* Release */,
			);
			defaultConfigurationIsVisible = 0;
			defaultConfigurationName = Release;
		};
		8597550E2407AE00003356DF /* Build configuration list for PBXNativeTarget "kadai_kanjiToHiragana_app" */ = {
			isa = XCConfigurationList;
			buildConfigurations = (
				8597550F2407AE00003356DF /* Debug */,
				859755102407AE00003356DF /* Release */,
			);
			defaultConfigurationIsVisible = 0;
			defaultConfigurationName = Release;
		};
/* End XCConfigurationList section */
	};
	rootObject = 859754F22407ADFC003356DF /* Project object */;
}
